
Microsoft Visual Studio Solution File, Format Version 12.00
# Visual Studio 14
VisualStudioVersion = 14.0.25123.0
MinimumVisualStudioVersion = 10.0.40219.1
Project("{8BC9CEB8-8B4A-11D0-8D11-00A0C91BC942}") = "LinuxTempe", "LinuxTempe.vcxproj", "{CCC5550A-3ED2-4B86-A037-46AB08B13F76}"
EndProject
Global
	GlobalSection(SolutionConfigurationPlatforms) = preSolution
		Debug|ARM = Debug|ARM
		Release|ARM = Release|ARM
	EndGlobalSection
	GlobalSection(ProjectConfigurationPlatforms) = postSolution
		{CCC5550A-3ED2-4B86-A037-46AB08B13F76}.Debug|ARM.ActiveCfg = Debug|ARM
		{CCC5550A-3ED2-4B86-A037-46AB08B13F76}.Debug|ARM.Build.0 = Debug|ARM
		{CCC5550A-3ED2-4B86-A037-46AB08B13F76}.Release|ARM.ActiveCfg = Release|ARM
		{CCC5550A-3ED2-4B86-A037-46AB08B13F76}.Release|ARM.Build.0 = Release|ARM
	EndGlobalSection
	GlobalSection(SolutionProperties) = preSolution
		HideSolutionNode = FALSE
	EndGlobalSection
EndGlobal
